// !$*UTF8*$!
{
	archiveVersion = 1;
	classes = {
	};
	objectVersion = 46;
	objects = {

/* Begin PBXBuildFile section */
		798F65B11A43F66400D65E3A /* PPM_Texture_Loader.cpp in Sources */ = {isa = PBXBuildFile; fileRef = 798F65AF1A43F66400D65E3A /* PPM_Texture_Loader.cpp */; };
		9A3E4CFF1A3E663600FDC8A9 /* surface.cpp in Sources */ = {isa = PBXBuildFile; fileRef = 9A3E4CFD1A3E663600FDC8A9 /* surface.cpp */; };
		9A8A410C1A34BABE0024B665 /* main.cpp in Sources */ = {isa = PBXBuildFile; fileRef = 9A8A410B1A34BABE0024B665 /* main.cpp */; };
		9A8A41131A34BAD00024B665 /* GLUT.framework in Frameworks */ = {isa = PBXBuildFile; fileRef = 9A8A41121A34BAD00024B665 /* GLUT.framework */; };
		9A8A41151A34BAE10024B665 /* OpenGL.framework in Frameworks */ = {isa = PBXBuildFile; fileRef = 9A8A41141A34BAE10024B665 /* OpenGL.framework */; };
		9A8A41181A34BC020024B665 /* envBlock.cpp in Sources */ = {isa = PBXBuildFile; fileRef = 9A8A41161A34BC020024B665 /* envBlock.cpp */; };
		9A9EEC101A3D1145003A19DA /* game.cpp in Sources */ = {isa = PBXBuildFile; fileRef = 9A9EEC0F1A3D1145003A19DA /* game.cpp */; };
		9AF001591A3E0FB000B4F460 /* point.cpp in Sources */ = {isa = PBXBuildFile; fileRef = 9AF001571A3E0FB000B4F460 /* point.cpp */; };
		9AF0015C1A3E103A00B4F460 /* particle.cpp in Sources */ = {isa = PBXBuildFile; fileRef = 9AF0015A1A3E103A00B4F460 /* particle.cpp */; };
/* End PBXBuildFile section */

/* Begin PBXCopyFilesBuildPhase section */
		9A8A41061A34BABE0024B665 /* CopyFiles */ = {
			isa = PBXCopyFilesBuildPhase;
			buildActionMask = 2147483647;
			dstPath = /usr/share/man/man1/;
			dstSubfolderSpec = 0;
			files = (
			);
			runOnlyForDeploymentPostprocessing = 1;
		};
/* End PBXCopyFilesBuildPhase section */

/* Begin PBXFileReference section */
		798F65AF1A43F66400D65E3A /* PPM_Texture_Loader.cpp */ = {isa = PBXFileReference; fileEncoding = 4; lastKnownFileType = sourcecode.cpp.cpp; path = PPM_Texture_Loader.cpp; sourceTree = "<group>"; };
		798F65B01A43F66400D65E3A /* PPM_Texture_Loader.h */ = {isa = PBXFileReference; fileEncoding = 4; lastKnownFileType = sourcecode.c.h; path = PPM_Texture_Loader.h; sourceTree = "<group>"; };
		798F65B21A43F91C00D65E3A /* marble.ppm */ = {isa = PBXFileReference; lastKnownFileType = text; path = marble.ppm; sourceTree = "<group>"; };
		9A3E4CFD1A3E663600FDC8A9 /* surface.cpp */ = {isa = PBXFileReference; fileEncoding = 4; lastKnownFileType = sourcecode.cpp.cpp; path = surface.cpp; sourceTree = "<group>"; };
		9A3E4CFE1A3E663600FDC8A9 /* surface.h */ = {isa = PBXFileReference; fileEncoding = 4; lastKnownFileType = sourcecode.c.h; path = surface.h; sourceTree = "<group>"; };
		9A8A41081A34BABE0024B665 /* FinalProject */ = {isa = PBXFileReference; explicitFileType = "compiled.mach-o.executable"; includeInIndex = 0; path = FinalProject; sourceTree = BUILT_PRODUCTS_DIR; };
		9A8A410B1A34BABE0024B665 /* main.cpp */ = {isa = PBXFileReference; lastKnownFileType = sourcecode.cpp.cpp; path = main.cpp; sourceTree = "<group>"; };
		9A8A41121A34BAD00024B665 /* GLUT.framework */ = {isa = PBXFileReference; lastKnownFileType = wrapper.framework; name = GLUT.framework; path = System/Library/Frameworks/GLUT.framework; sourceTree = SDKROOT; };
		9A8A41141A34BAE10024B665 /* OpenGL.framework */ = {isa = PBXFileReference; lastKnownFileType = wrapper.framework; name = OpenGL.framework; path = System/Library/Frameworks/OpenGL.framework; sourceTree = SDKROOT; };
		9A8A41161A34BC020024B665 /* envBlock.cpp */ = {isa = PBXFileReference; fileEncoding = 4; lastKnownFileType = sourcecode.cpp.cpp; path = envBlock.cpp; sourceTree = "<group>"; };
		9A8A41171A34BC020024B665 /* envBlock.h */ = {isa = PBXFileReference; fileEncoding = 4; lastKnownFileType = sourcecode.c.h; path = envBlock.h; sourceTree = "<group>"; };
		9A9EEC0F1A3D1145003A19DA /* game.cpp */ = {isa = PBXFileReference; fileEncoding = 4; lastKnownFileType = sourcecode.cpp.cpp; path = game.cpp; sourceTree = "<group>"; };
		9A9EEC111A3D114E003A19DA /* game.h */ = {isa = PBXFileReference; lastKnownFileType = sourcecode.c.h; path = game.h; sourceTree = "<group>"; };
		9AF001571A3E0FB000B4F460 /* point.cpp */ = {isa = PBXFileReference; fileEncoding = 4; lastKnownFileType = sourcecode.cpp.cpp; path = point.cpp; sourceTree = "<group>"; };
		9AF001581A3E0FB000B4F460 /* point.h */ = {isa = PBXFileReference; fileEncoding = 4; lastKnownFileType = sourcecode.c.h; path = point.h; sourceTree = "<group>"; };
		9AF0015A1A3E103A00B4F460 /* particle.cpp */ = {isa = PBXFileReference; fileEncoding = 4; lastKnownFileType = sourcecode.cpp.cpp; path = particle.cpp; sourceTree = "<group>"; };
		9AF0015B1A3E103A00B4F460 /* particle.h */ = {isa = PBXFileReference; fileEncoding = 4; lastKnownFileType = sourcecode.c.h; path = particle.h; sourceTree = "<group>"; };
/* End PBXFileReference section */

/* Begin PBXFrameworksBuildPhase section */
		9A8A41051A34BABE0024B665 /* Frameworks */ = {
			isa = PBXFrameworksBuildPhase;
			buildActionMask = 2147483647;
			files = (
				9A8A41151A34BAE10024B665 /* OpenGL.framework in Frameworks */,
				9A8A41131A34BAD00024B665 /* GLUT.framework in Frameworks */,
			);
			runOnlyForDeploymentPostprocessing = 0;
		};
/* End PBXFrameworksBuildPhase section */

/* Begin PBXGroup section */
		9A8A40FF1A34BABE0024B665 = {
			isa = PBXGroup;
			children = (
				9A8A41141A34BAE10024B665 /* OpenGL.framework */,
				9A8A41121A34BAD00024B665 /* GLUT.framework */,
				9A8A410A1A34BABE0024B665 /* FinalProject */,
				9A8A41091A34BABE0024B665 /* Products */,
			);
			sourceTree = "<group>";
		};
		9A8A41091A34BABE0024B665 /* Products */ = {
			isa = PBXGroup;
			children = (
				9A8A41081A34BABE0024B665 /* FinalProject */,
			);
			name = Products;
			sourceTree = "<group>";
		};
		9A8A410A1A34BABE0024B665 /* FinalProject */ = {
			isa = PBXGroup;
			children = (
				798F65B21A43F91C00D65E3A /* marble.ppm */,
				9A9EEC111A3D114E003A19DA /* game.h */,
				9A9EEC0F1A3D1145003A19DA /* game.cpp */,
				9A8A410B1A34BABE0024B665 /* main.cpp */,
				9A8A41161A34BC020024B665 /* envBlock.cpp */,
				9A8A41171A34BC020024B665 /* envBlock.h */,
				9AF001571A3E0FB000B4F460 /* point.cpp */,
				9AF001581A3E0FB000B4F460 /* point.h */,
				9AF0015A1A3E103A00B4F460 /* particle.cpp */,
				9AF0015B1A3E103A00B4F460 /* particle.h */,
				9A3E4CFD1A3E663600FDC8A9 /* surface.cpp */,
				9A3E4CFE1A3E663600FDC8A9 /* surface.h */,
				798F65AF1A43F66400D65E3A /* PPM_Texture_Loader.cpp */,
				798F65B01A43F66400D65E3A /* PPM_Texture_Loader.h */,
			);
			path = FinalProject;
			sourceTree = "<group>";
		};
/* End PBXGroup section */

/* Begin PBXNativeTarget section */
		9A8A41071A34BABE0024B665 /* FinalProject */ = {
			isa = PBXNativeTarget;
			buildConfigurationList = 9A8A410F1A34BABE0024B665 /* Build configuration list for PBXNativeTarget "FinalProject" */;
			buildPhases = (
				9A8A41041A34BABE0024B665 /* Sources */,
				9A8A41051A34BABE0024B665 /* Frameworks */,
				9A8A41061A34BABE0024B665 /* CopyFiles */,
			);
			buildRules = (
			);
			dependencies = (
			);
			name = FinalProject;
			productName = FinalProject;
			productReference = 9A8A41081A34BABE0024B665 /* FinalProject */;
			productType = "com.apple.product-type.tool";
		};
/* End PBXNativeTarget section */

/* Begin PBXProject section */
		9A8A41001A34BABE0024B665 /* Project object */ = {
			isa = PBXProject;
			attributes = {
				LastUpgradeCheck = 0600;
				ORGANIZATIONNAME = "Simarpreet Singh";
				TargetAttributes = {
					9A8A41071A34BABE0024B665 = {
						CreatedOnToolsVersion = 6.0.1;
					};
				};
			};
			buildConfigurationList = 9A8A41031A34BABE0024B665 /* Build configuration list for PBXProject "FinalProject" */;
			compatibilityVersion = "Xcode 3.2";
			developmentRegion = English;
			hasScannedForEncodings = 0;
			knownRegions = (
				en,
			);
			mainGroup = 9A8A40FF1A34BABE0024B665;
			productRefGroup = 9A8A41091A34BABE0024B665 /* Products */;
			projectDirPath = "";
			projectRoot = "";
			targets = (
				9A8A41071A34BABE0024B665 /* FinalProject */,
			);
		};
/* End PBXProject section */

/* Begin PBXSourcesBuildPhase section */
		9A8A41041A34BABE0024B665 /* Sources */ = {
			isa = PBXSourcesBuildPhase;
			buildActionMask = 2147483647;
			files = (
				9AF001591A3E0FB000B4F460 /* point.cpp in Sources */,
				9A8A410C1A34BABE0024B665 /* main.cpp in Sources */,
				9AF0015C1A3E103A00B4F460 /* particle.cpp in Sources */,
				9A8A41181A34BC020024B665 /* envBlock.cpp in Sources */,
				9A9EEC101A3D1145003A19DA /* game.cpp in Sources */,
				9A3E4CFF1A3E663600FDC8A9 /* surface.cpp in Sources */,
				798F65B11A43F66400D65E3A /* PPM_Texture_Loader.cpp in Sources */,
			);
			runOnlyForDeploymentPostprocessing = 0;
		};
/* End PBXSourcesBuildPhase section */

/* Begin XCBuildConfiguration section */
		9A8A410D1A34BABE0024B665 /* Debug */ = {
			isa = XCBuildConfiguration;
			buildSettings = {
				ALWAYS_SEARCH_USER_PATHS = NO;
				CLANG_CXX_LANGUAGE_STANDARD = "gnu++0x";
				CLANG_CXX_LIBRARY = "libc++";
				CLANG_ENABLE_MODULES = YES;
				CLANG_ENABLE_OBJC_ARC = YES;
				CLANG_WARN_BOOL_CONVERSION = YES;
				CLANG_WARN_CONSTANT_CONVERSION = YES;
				CLANG_WARN_DIRECT_OBJC_ISA_USAGE = YES_ERROR;
				CLANG_WARN_EMPTY_BODY = YES;
				CLANG_WARN_ENUM_CONVERSION = YES;
				CLANG_WARN_INT_CONVERSION = YES;
				CLANG_WARN_OBJC_ROOT_CLASS = YES_ERROR;
				CLANG_WARN_UNREACHABLE_CODE = YES;
				CLANG_WARN__DUPLICATE_METHOD_MATCH = YES;
				COPY_PHASE_STRIP = NO;
				ENABLE_STRICT_OBJC_MSGSEND = YES;
				GCC_C_LANGUAGE_STANDARD = gnu99;
				GCC_DYNAMIC_NO_PIC = NO;
				GCC_OPTIMIZATION_LEVEL = 0;
				GCC_PREPROCESSOR_DEFINITIONS = (
					"DEBUG=1",
					"$(inherited)",
				);
				GCC_SYMBOLS_PRIVATE_EXTERN = NO;
				GCC_WARN_64_TO_32_BIT_CONVERSION = YES;
				GCC_WARN_ABOUT_RETURN_TYPE = YES_ERROR;
				GCC_WARN_UNDECLARED_SELECTOR = YES;
				GCC_WARN_UNINITIALIZED_AUTOS = YES_AGGRESSIVE;
				GCC_WARN_UNUSED_FUNCTION = YES;
				GCC_WARN_UNUSED_VARIABLE = YES;
				MACOSX_DEPLOYMENT_TARGET = 10.9;
				MTL_ENABLE_DEBUG_INFO = YES;
				ONLY_ACTIVE_ARCH = YES;
				SDKROOT = macosx;
			};
			name = Debug;
		};
		9A8A410E1A34BABE0024B665 /* Release */ = {
			isa = XCBuildConfiguration;
			buildSettings = {
				ALWAYS_SEARCH_USER_PATHS = NO;
				CLANG_CXX_LANGUAGE_STANDARD = "gnu++0x";
				CLANG_CXX_LIBRARY = "libc++";
				CLANG_ENABLE_MODULES = YES;
				CLANG_ENABLE_OBJC_ARC = YES;
				CLANG_WARN_BOOL_CONVERSION = YES;
				CLANG_WARN_CONSTANT_CONVERSION = YES;
				CLANG_WARN_DIRECT_OBJC_ISA_USAGE = YES_ERROR;
				CLANG_WARN_EMPTY_BODY = YES;
				CLANG_WARN_ENUM_CONVERSION = YES;
				CLANG_WARN_INT_CONVERSION = YES;
				CLANG_WARN_OBJC_ROOT_CLASS = YES_ERROR;
				CLANG_WARN_UNREACHABLE_CODE = YES;
				CLANG_WARN__DUPLICATE_METHOD_MATCH = YES;
				COPY_PHASE_STRIP = YES;
				DEBUG_INFORMATION_FORMAT = "dwarf-with-dsym";
				ENABLE_NS_ASSERTIONS = NO;
				ENABLE_STRICT_OBJC_MSGSEND = YES;
				GCC_C_LANGUAGE_STANDARD = gnu99;
				GCC_WARN_64_TO_32_BIT_CONVERSION = YES;
				GCC_WARN_ABOUT_RETURN_TYPE = YES_ERROR;
				GCC_WARN_UNDECLARED_SELECTOR = YES;
				GCC_WARN_UNINITIALIZED_AUTOS = YES_AGGRESSIVE;
				GCC_WARN_UNUSED_FUNCTION = YES;
				GCC_WARN_UNUSED_VARIABLE = YES;
				MACOSX_DEPLOYMENT_TARGET = 10.9;
				MTL_ENABLE_DEBUG_INFO = NO;
				SDKROOT = macosx;
			};
			name = Release;
		};
		9A8A41101A34BABE0024B665 /* Debug */ = {
			isa = XCBuildConfiguration;
			buildSettings = {
				MACOSX_DEPLOYMENT_TARGET = 10.7;
				PRODUCT_NAME = "$(TARGET_NAME)";
				SDKROOT = macosx10.8;
			};
			name = Debug;
		};
		9A8A41111A34BABE0024B665 /* Release */ = {
			isa = XCBuildConfiguration;
			buildSettings = {
				MACOSX_DEPLOYMENT_TARGET = 10.7;
				PRODUCT_NAME = "$(TARGET_NAME)";
				SDKROOT = macosx10.8;
			};
			name = Release;
		};
/* End XCBuildConfiguration section */

/* Begin XCConfigurationList section */
		9A8A41031A34BABE0024B665 /* Build configuration list for PBXProject "FinalProject" */ = {
			isa = XCConfigurationList;
			buildConfigurations = (
				9A8A410D1A34BABE0024B665 /* Debug */,
				9A8A410E1A34BABE0024B665 /* Release */,
			);
			defaultConfigurationIsVisible = 0;
			defaultConfigurationName = Release;
		};
		9A8A410F1A34BABE0024B665 /* Build configuration list for PBXNativeTarget "FinalProject" */ = {
			isa = XCConfigurationList;
			buildConfigurations = (
				9A8A41101A34BABE0024B665 /* Debug */,
				9A8A41111A34BABE0024B665 /* Release */,
			);
			defaultConfigurationIsVisible = 0;
			defaultConfigurationName = Release;
		};
/* End XCConfigurationList section */
	};
	rootObject = 9A8A41001A34BABE0024B665 /* Project object */;
}
